{
  "lockfileVersion": 1,
  "configVersion": 1,
  "workspaces": {
    "": {
      "name": "garlic-tiger",
      "dependencies": {
        "phaser": "^3.70.0",
      },
      "devDependencies": {
        "vite": "^5.0.0",
      },
      "optionalDependencies": {
        "@rollup/rollup-darwin-arm64": "^4.55.2",
      },
    },
  },
  "packages": {
    "@esbuild/aix-ppc64": ["@esbuild/aix-ppc64@0.21.5", "", { "os": "aix", "cpu": "ppc64" }, "sha512-1SDgH6ZSPTlggy1yI6+Dbkiz8xzpHJEVAlF/AM1tHPLsf5STom9rwtjE4hKAF20FfXXNTFqEYXyJNWh1GiZedQ=="],

    "@esbuild/android-arm": ["@esbuild/android-arm@0.21.5", "", { "os": "android", "cpu": "arm" }, "sha512-vCPvzSjpPHEi1siZdlvAlsPxXl7WbOVUBBAowWug4rJHb68Ox8KualB+1ocNvT5fjv6wpkX6o/iEpbDrf68zcg=="],

    "@esbuild/android-arm64": ["@esbuild/android-arm64@0.21.5", "", { "os": "android", "cpu": "arm64" }, "sha512-c0uX9VAUBQ7dTDCjq+wdyGLowMdtR/GoC2U5IYk/7D1H1JYC0qseD7+11iMP2mRLN9RcCMRcjC4YMclCzGwS/A=="],

    "@esbuild/android-x64": ["@esbuild/android-x64@0.21.5", "", { "os": "android", "cpu": "x64" }, "sha512-D7aPRUUNHRBwHxzxRvp856rjUHRFW1SdQATKXH2hqA0kAZb1hKmi02OpYRacl0TxIGz/ZmXWlbZgjwWYaCakTA=="],

    "@esbuild/darwin-arm64": ["@esbuild/darwin-arm64@0.21.5", "", { "os": "darwin", "cpu": "arm64" }, "sha512-DwqXqZyuk5AiWWf3UfLiRDJ5EDd49zg6O9wclZ7kUMv2WRFr4HKjXp/5t8JZ11QbQfUS6/cRCKGwYhtNAY88kQ=="],

    "@esbuild/darwin-x64": ["@esbuild/darwin-x64@0.21.5", "", { "os": "darwin", "cpu": "x64" }, "sha512-se/JjF8NlmKVG4kNIuyWMV/22ZaerB+qaSi5MdrXtd6R08kvs2qCN4C09miupktDitvh8jRFflwGFBQcxZRjbw=="],

    "@esbuild/freebsd-arm64": ["@esbuild/freebsd-arm64@0.21.5", "", { "os": "freebsd", "cpu": "arm64" }, "sha512-5JcRxxRDUJLX8JXp/wcBCy3pENnCgBR9bN6JsY4OmhfUtIHe3ZW0mawA7+RDAcMLrMIZaf03NlQiX9DGyB8h4g=="],

    "@esbuild/freebsd-x64": ["@esbuild/freebsd-x64@0.21.5", "", { "os": "freebsd", "cpu": "x64" }, "sha512-J95kNBj1zkbMXtHVH29bBriQygMXqoVQOQYA+ISs0/2l3T9/kj42ow2mpqerRBxDJnmkUDCaQT/dfNXWX/ZZCQ=="],

    "@esbuild/linux-arm": ["@esbuild/linux-arm@0.21.5", "", { "os": "linux", "cpu": "arm" }, "sha512-bPb5AHZtbeNGjCKVZ9UGqGwo8EUu4cLq68E95A53KlxAPRmUyYv2D6F0uUI65XisGOL1hBP5mTronbgo+0bFcA=="],

    "@esbuild/linux-arm64": ["@esbuild/linux-arm64@0.21.5", "", { "os": "linux", "cpu": "arm64" }, "sha512-ibKvmyYzKsBeX8d8I7MH/TMfWDXBF3db4qM6sy+7re0YXya+K1cem3on9XgdT2EQGMu4hQyZhan7TeQ8XkGp4Q=="],

    "@esbuild/linux-ia32": ["@esbuild/linux-ia32@0.21.5", "", { "os": "linux", "cpu": "ia32" }, "sha512-YvjXDqLRqPDl2dvRODYmmhz4rPeVKYvppfGYKSNGdyZkA01046pLWyRKKI3ax8fbJoK5QbxblURkwK/MWY18Tg=="],

    "@esbuild/linux-loong64": ["@esbuild/linux-loong64@0.21.5", "", { "os": "linux", "cpu": "none" }, "sha512-uHf1BmMG8qEvzdrzAqg2SIG/02+4/DHB6a9Kbya0XDvwDEKCoC8ZRWI5JJvNdUjtciBGFQ5PuBlpEOXQj+JQSg=="],

    "@esbuild/linux-mips64el": ["@esbuild/linux-mips64el@0.21.5", "", { "os": "linux", "cpu": "none" }, "sha512-IajOmO+KJK23bj52dFSNCMsz1QP1DqM6cwLUv3W1QwyxkyIWecfafnI555fvSGqEKwjMXVLokcV5ygHW5b3Jbg=="],

    "@esbuild/linux-ppc64": ["@esbuild/linux-ppc64@0.21.5", "", { "os": "linux", "cpu": "ppc64" }, "sha512-1hHV/Z4OEfMwpLO8rp7CvlhBDnjsC3CttJXIhBi+5Aj5r+MBvy4egg7wCbe//hSsT+RvDAG7s81tAvpL2XAE4w=="],

    "@esbuild/linux-riscv64": ["@esbuild/linux-riscv64@0.21.5", "", { "os": "linux", "cpu": "none" }, "sha512-2HdXDMd9GMgTGrPWnJzP2ALSokE/0O5HhTUvWIbD3YdjME8JwvSCnNGBnTThKGEB91OZhzrJ4qIIxk/SBmyDDA=="],

    "@esbuild/linux-s390x": ["@esbuild/linux-s390x@0.21.5", "", { "os": "linux", "cpu": "s390x" }, "sha512-zus5sxzqBJD3eXxwvjN1yQkRepANgxE9lgOW2qLnmr8ikMTphkjgXu1HR01K4FJg8h1kEEDAqDcZQtbrRnB41A=="],

    "@esbuild/linux-x64": ["@esbuild/linux-x64@0.21.5", "", { "os": "linux", "cpu": "x64" }, "sha512-1rYdTpyv03iycF1+BhzrzQJCdOuAOtaqHTWJZCWvijKD2N5Xu0TtVC8/+1faWqcP9iBCWOmjmhoH94dH82BxPQ=="],

    "@esbuild/netbsd-x64": ["@esbuild/netbsd-x64@0.21.5", "", { "os": "none", "cpu": "x64" }, "sha512-Woi2MXzXjMULccIwMnLciyZH4nCIMpWQAs049KEeMvOcNADVxo0UBIQPfSmxB3CWKedngg7sWZdLvLczpe0tLg=="],

    "@esbuild/openbsd-x64": ["@esbuild/openbsd-x64@0.21.5", "", { "os": "openbsd", "cpu": "x64" }, "sha512-HLNNw99xsvx12lFBUwoT8EVCsSvRNDVxNpjZ7bPn947b8gJPzeHWyNVhFsaerc0n3TsbOINvRP2byTZ5LKezow=="],

    "@esbuild/sunos-x64": ["@esbuild/sunos-x64@0.21.5", "", { "os": "sunos", "cpu": "x64" }, "sha512-6+gjmFpfy0BHU5Tpptkuh8+uw3mnrvgs+dSPQXQOv3ekbordwnzTVEb4qnIvQcYXq6gzkyTnoZ9dZG+D4garKg=="],

    "@esbuild/win32-arm64": ["@esbuild/win32-arm64@0.21.5", "", { "os": "win32", "cpu": "arm64" }, "sha512-Z0gOTd75VvXqyq7nsl93zwahcTROgqvuAcYDUr+vOv8uHhNSKROyU961kgtCD1e95IqPKSQKH7tBTslnS3tA8A=="],

    "@esbuild/win32-ia32": ["@esbuild/win32-ia32@0.21.5", "", { "os": "win32", "cpu": "ia32" }, "sha512-SWXFF1CL2RVNMaVs+BBClwtfZSvDgtL//G/smwAc5oVK/UPu2Gu9tIaRgFmYFFKrmg3SyAjSrElf0TiJ1v8fYA=="],

    "@esbuild/win32-x64": ["@esbuild/win32-x64@0.21.5", "", { "os": "win32", "cpu": "x64" }, "sha512-tQd/1efJuzPC6rCFwEvLtci/xNFcTZknmXs98FYDfGE4wP9ClFV98nyKrzJKVPMhdDnjzLhdUyMX4PsQAPjwIw=="],

    "@rollup/rollup-android-arm-eabi": ["@rollup/rollup-android-arm-eabi@4.55.2", "", { "os": "android", "cpu": "arm" }, "sha512-21J6xzayjy3O6NdnlO6aXi/urvSRjm6nCI6+nF6ra2YofKruGixN9kfT+dt55HVNwfDmpDHJcaS3JuP/boNnlA=="],

    "@rollup/rollup-android-arm64": ["@rollup/rollup-android-arm64@4.55.2", "", { "os": "android", "cpu": "arm64" }, "sha512-eXBg7ibkNUZ+sTwbFiDKou0BAckeV6kIigK7y5Ko4mB/5A1KLhuzEKovsmfvsL8mQorkoincMFGnQuIT92SKqA=="],

    "@rollup/rollup-darwin-arm64": ["@rollup/rollup-darwin-arm64@4.55.2", "", { "os": "darwin", "cpu": "arm64" }, "sha512-UCbaTklREjrc5U47ypLulAgg4njaqfOVLU18VrCrI+6E5MQjuG0lSWaqLlAJwsD7NpFV249XgB0Bi37Zh5Sz4g=="],

    "@rollup/rollup-darwin-x64": ["@rollup/rollup-darwin-x64@4.55.2", "", { "os": "darwin", "cpu": "x64" }, "sha512-dP67MA0cCMHFT2g5XyjtpVOtp7y4UyUxN3dhLdt11at5cPKnSm4lY+EhwNvDXIMzAMIo2KU+mc9wxaAQJTn7sQ=="],

    "@rollup/rollup-freebsd-arm64": ["@rollup/rollup-freebsd-arm64@4.55.2", "", { "os": "freebsd", "cpu": "arm64" }, "sha512-WDUPLUwfYV9G1yxNRJdXcvISW15mpvod1Wv3ok+Ws93w1HjIVmCIFxsG2DquO+3usMNCpJQ0wqO+3GhFdl6Fow=="],

    "@rollup/rollup-freebsd-x64": ["@rollup/rollup-freebsd-x64@4.55.2", "", { "os": "freebsd", "cpu": "x64" }, "sha512-Ng95wtHVEulRwn7R0tMrlUuiLVL/HXA8Lt/MYVpy88+s5ikpntzZba1qEulTuPnPIZuOPcW9wNEiqvZxZmgmqQ=="],

    "@rollup/rollup-linux-arm-gnueabihf": ["@rollup/rollup-linux-arm-gnueabihf@4.55.2", "", { "os": "linux", "cpu": "arm" }, "sha512-AEXMESUDWWGqD6LwO/HkqCZgUE1VCJ1OhbvYGsfqX2Y6w5quSXuyoy/Fg3nRqiwro+cJYFxiw5v4kB2ZDLhxrw=="],

    "@rollup/rollup-linux-arm-musleabihf": ["@rollup/rollup-linux-arm-musleabihf@4.55.2", "", { "os": "linux", "cpu": "arm" }, "sha512-ZV7EljjBDwBBBSv570VWj0hiNTdHt9uGznDtznBB4Caj3ch5rgD4I2K1GQrtbvJ/QiB+663lLgOdcADMNVC29Q=="],

    "@rollup/rollup-linux-arm64-gnu": ["@rollup/rollup-linux-arm64-gnu@4.55.2", "", { "os": "linux", "cpu": "arm64" }, "sha512-uvjwc8NtQVPAJtq4Tt7Q49FOodjfbf6NpqXyW/rjXoV+iZ3EJAHLNAnKT5UJBc6ffQVgmXTUL2ifYiLABlGFqA=="],

    "@rollup/rollup-linux-arm64-musl": ["@rollup/rollup-linux-arm64-musl@4.55.2", "", { "os": "linux", "cpu": "arm64" }, "sha512-s3KoWVNnye9mm/2WpOZ3JeUiediUVw6AvY/H7jNA6qgKA2V2aM25lMkVarTDfiicn/DLq3O0a81jncXszoyCFA=="],

    "@rollup/rollup-linux-loong64-gnu": ["@rollup/rollup-linux-loong64-gnu@4.55.2", "", { "os": "linux", "cpu": "none" }, "sha512-gi21faacK+J8aVSyAUptML9VQN26JRxe484IbF+h3hpG+sNVoMXPduhREz2CcYr5my0NE3MjVvQ5bMKX71pfVA=="],

    "@rollup/rollup-linux-loong64-musl": ["@rollup/rollup-linux-loong64-musl@4.55.2", "", { "os": "linux", "cpu": "none" }, "sha512-qSlWiXnVaS/ceqXNfnoFZh4IiCA0EwvCivivTGbEu1qv2o+WTHpn1zNmCTAoOG5QaVr2/yhCoLScQtc/7RxshA=="],

    "@rollup/rollup-linux-ppc64-gnu": ["@rollup/rollup-linux-ppc64-gnu@4.55.2", "", { "os": "linux", "cpu": "ppc64" }, "sha512-rPyuLFNoF1B0+wolH277E780NUKf+KoEDb3OyoLbAO18BbeKi++YN6gC/zuJoPPDlQRL3fIxHxCxVEWiem2yXw=="],

    "@rollup/rollup-linux-ppc64-musl": ["@rollup/rollup-linux-ppc64-musl@4.55.2", "", { "os": "linux", "cpu": "ppc64" }, "sha512-g+0ZLMook31iWV4PvqKU0i9E78gaZgYpSrYPed/4Bu+nGTgfOPtfs1h11tSSRPXSjC5EzLTjV/1A7L2Vr8pJoQ=="],

    "@rollup/rollup-linux-riscv64-gnu": ["@rollup/rollup-linux-riscv64-gnu@4.55.2", "", { "os": "linux", "cpu": "none" }, "sha512-i+sGeRGsjKZcQRh3BRfpLsM3LX3bi4AoEVqmGDyc50L6KfYsN45wVCSz70iQMwPWr3E5opSiLOwsC9WB4/1pqg=="],

    "@rollup/rollup-linux-riscv64-musl": ["@rollup/rollup-linux-riscv64-musl@4.55.2", "", { "os": "linux", "cpu": "none" }, "sha512-C1vLcKc4MfFV6I0aWsC7B2Y9QcsiEcvKkfxprwkPfLaN8hQf0/fKHwSF2lcYzA9g4imqnhic729VB9Fo70HO3Q=="],

    "@rollup/rollup-linux-s390x-gnu": ["@rollup/rollup-linux-s390x-gnu@4.55.2", "", { "os": "linux", "cpu": "s390x" }, "sha512-68gHUK/howpQjh7g7hlD9DvTTt4sNLp1Bb+Yzw2Ki0xvscm2cOdCLZNJNhd2jW8lsTPrHAHuF751BygifW4bkQ=="],

    "@rollup/rollup-linux-x64-gnu": ["@rollup/rollup-linux-x64-gnu@4.55.2", "", { "os": "linux", "cpu": "x64" }, "sha512-1e30XAuaBP1MAizaOBApsgeGZge2/Byd6wV4a8oa6jPdHELbRHBiw7wvo4dp7Ie2PE8TZT4pj9RLGZv9N4qwlw=="],

    "@rollup/rollup-linux-x64-musl": ["@rollup/rollup-linux-x64-musl@4.55.2", "", { "os": "linux", "cpu": "x64" }, "sha512-4BJucJBGbuGnH6q7kpPqGJGzZnYrpAzRd60HQSt3OpX/6/YVgSsJnNzR8Ot74io50SeVT4CtCWe/RYIAymFPwA=="],

    "@rollup/rollup-openbsd-x64": ["@rollup/rollup-openbsd-x64@4.55.2", "", { "os": "openbsd", "cpu": "x64" }, "sha512-cT2MmXySMo58ENv8p6/O6wI/h/gLnD3D6JoajwXFZH6X9jz4hARqUhWpGuQhOgLNXscfZYRQMJvZDtWNzMAIDw=="],

    "@rollup/rollup-openharmony-arm64": ["@rollup/rollup-openharmony-arm64@4.55.2", "", { "os": "none", "cpu": "arm64" }, "sha512-sZnyUgGkuzIXaK3jNMPmUIyJrxu/PjmATQrocpGA1WbCPX8H5tfGgRSuYtqBYAvLuIGp8SPRb1O4d1Fkb5fXaQ=="],

    "@rollup/rollup-win32-arm64-msvc": ["@rollup/rollup-win32-arm64-msvc@4.55.2", "", { "os": "win32", "cpu": "arm64" }, "sha512-sDpFbenhmWjNcEbBcoTV0PWvW5rPJFvu+P7XoTY0YLGRupgLbFY0XPfwIbJOObzO7QgkRDANh65RjhPmgSaAjQ=="],

    "@rollup/rollup-win32-ia32-msvc": ["@rollup/rollup-win32-ia32-msvc@4.55.2", "", { "os": "win32", "cpu": "ia32" }, "sha512-GvJ03TqqaweWCigtKQVBErw2bEhu1tyfNQbarwr94wCGnczA9HF8wqEe3U/Lfu6EdeNP0p6R+APeHVwEqVxpUQ=="],

    "@rollup/rollup-win32-x64-gnu": ["@rollup/rollup-win32-x64-gnu@4.55.2", "", { "os": "win32", "cpu": "x64" }, "sha512-KvXsBvp13oZz9JGe5NYS7FNizLe99Ny+W8ETsuCyjXiKdiGrcz2/J/N8qxZ/RSwivqjQguug07NLHqrIHrqfYw=="],

    "@rollup/rollup-win32-x64-msvc": ["@rollup/rollup-win32-x64-msvc@4.55.2", "", { "os": "win32", "cpu": "x64" }, "sha512-xNO+fksQhsAckRtDSPWaMeT1uIM+JrDRXlerpnWNXhn1TdB3YZ6uKBMBTKP0eX9XtYEP978hHk1f8332i2AW8Q=="],

    "@types/estree": ["@types/estree@1.0.8", "", {}, "sha512-dWHzHa2WqEXI/O1E9OjrocMTKJl2mSrEolh1Iomrv6U+JuNwaHXsXx9bLu5gG7BUWFIN0skIQJQ/L1rIex4X6w=="],

    "esbuild": ["esbuild@0.21.5", "", { "optionalDependencies": { "@esbuild/aix-ppc64": "0.21.5", "@esbuild/android-arm": "0.21.5", "@esbuild/android-arm64": "0.21.5", "@esbuild/android-x64": "0.21.5", "@esbuild/darwin-arm64": "0.21.5", "@esbuild/darwin-x64": "0.21.5", "@esbuild/freebsd-arm64": "0.21.5", "@esbuild/freebsd-x64": "0.21.5", "@esbuild/linux-arm": "0.21.5", "@esbuild/linux-arm64": "0.21.5", "@esbuild/linux-ia32": "0.21.5", "@esbuild/linux-loong64": "0.21.5", "@esbuild/linux-mips64el": "0.21.5", "@esbuild/linux-ppc64": "0.21.5", "@esbuild/linux-riscv64": "0.21.5", "@esbuild/linux-s390x": "0.21.5", "@esbuild/linux-x64": "0.21.5", "@esbuild/netbsd-x64": "0.21.5", "@esbuild/openbsd-x64": "0.21.5", "@esbuild/sunos-x64": "0.21.5", "@esbuild/win32-arm64": "0.21.5", "@esbuild/win32-ia32": "0.21.5", "@esbuild/win32-x64": "0.21.5" }, "bin": { "esbuild": "bin/esbuild" } }, "sha512-mg3OPMV4hXywwpoDxu3Qda5xCKQi+vCTZq8S9J/EpkhB2HzKXq4SNFZE3+NK93JYxc8VMSep+lOUSC/RVKaBqw=="],

    "eventemitter3": ["eventemitter3@5.0.4", "", {}, "sha512-mlsTRyGaPBjPedk6Bvw+aqbsXDtoAyAzm5MO7JgU+yVRyMQ5O8bD4Kcci7BS85f93veegeCPkL8R4GLClnjLFw=="],

    "fsevents": ["fsevents@2.3.3", "", { "os": "darwin" }, "sha512-5xoDfX+fL7faATnagmWPpbFtwh/R77WmMMqqHGS65C3vvB0YHrgF+B1YmZ3441tMj5n63k0212XNoJwzlhffQw=="],

    "nanoid": ["nanoid@3.3.11", "", { "bin": { "nanoid": "bin/nanoid.cjs" } }, "sha512-N8SpfPUnUp1bK+PMYW8qSWdl9U+wwNWI4QKxOYDy9JAro3WMX7p2OeVRF9v+347pnakNevPmiHhNmZ2HbFA76w=="],

    "phaser": ["phaser@3.90.0", "", { "dependencies": { "eventemitter3": "^5.0.1" } }, "sha512-/cziz/5ZIn02uDkC9RzN8VF9x3Gs3XdFFf9nkiMEQT3p7hQlWuyjy4QWosU802qqno2YSLn2BfqwOKLv/sSVfQ=="],

    "picocolors": ["picocolors@1.1.1", "", {}, "sha512-xceH2snhtb5M9liqDsmEw56le376mTZkEX/jEb/RxNFyegNul7eNslCXP9FDj/Lcu0X8KEyMceP2ntpaHrDEVA=="],

    "postcss": ["postcss@8.5.6", "", { "dependencies": { "nanoid": "^3.3.11", "picocolors": "^1.1.1", "source-map-js": "^1.2.1" } }, "sha512-3Ybi1tAuwAP9s0r1UQ2J4n5Y0G05bJkpUIO0/bI9MhwmD70S5aTWbXGBwxHrelT+XM1k6dM0pk+SwNkpTRN7Pg=="],

    "rollup": ["rollup@4.55.2", "", { "dependencies": { "@types/estree": "1.0.8" }, "optionalDependencies": { "@rollup/rollup-android-arm-eabi": "4.55.2", "@rollup/rollup-android-arm64": "4.55.2", "@rollup/rollup-darwin-arm64": "4.55.2", "@rollup/rollup-darwin-x64": "4.55.2", "@rollup/rollup-freebsd-arm64": "4.55.2", "@rollup/rollup-freebsd-x64": "4.55.2", "@rollup/rollup-linux-arm-gnueabihf": "4.55.2", "@rollup/rollup-linux-arm-musleabihf": "4.55.2", "@rollup/rollup-linux-arm64-gnu": "4.55.2", "@rollup/rollup-linux-arm64-musl": "4.55.2", "@rollup/rollup-linux-loong64-gnu": "4.55.2", "@rollup/rollup-linux-loong64-musl": "4.55.2", "@rollup/rollup-linux-ppc64-gnu": "4.55.2", "@rollup/rollup-linux-ppc64-musl": "4.55.2", "@rollup/rollup-linux-riscv64-gnu": "4.55.2", "@rollup/rollup-linux-riscv64-musl": "4.55.2", "@rollup/rollup-linux-s390x-gnu": "4.55.2", "@rollup/rollup-linux-x64-gnu": "4.55.2", "@rollup/rollup-linux-x64-musl": "4.55.2", "@rollup/rollup-openbsd-x64": "4.55.2", "@rollup/rollup-openharmony-arm64": "4.55.2", "@rollup/rollup-win32-arm64-msvc": "4.55.2", "@rollup/rollup-win32-ia32-msvc": "4.55.2", "@rollup/rollup-win32-x64-gnu": "4.55.2", "@rollup/rollup-win32-x64-msvc": "4.55.2", "fsevents": "~2.3.2" }, "bin": { "rollup": "dist/bin/rollup" } }, "sha512-PggGy4dhwx5qaW+CKBilA/98Ql9keyfnb7lh4SR6shQ91QQQi1ORJ1v4UinkdP2i87OBs9AQFooQylcrrRfIcg=="],

    "source-map-js": ["source-map-js@1.2.1", "", {}, "sha512-UXWMKhLOwVKb728IUtQPXxfYU+usdybtUrK/8uGE8CQMvrhOpwvzDBwj0QhSL7MQc7vIsISBG8VQ8+IDQxpfQA=="],

    "vite": ["vite@5.4.21", "", { "dependencies": { "esbuild": "^0.21.3", "postcss": "^8.4.43", "rollup": "^4.20.0" }, "optionalDependencies": { "fsevents": "~2.3.3" }, "peerDependencies": { "@types/node": "^18.0.0 || >=20.0.0", "less": "*", "lightningcss": "^1.21.0", "sass": "*", "sass-embedded": "*", "stylus": "*", "sugarss": "*", "terser": "^5.4.0" }, "optionalPeers": ["@types/node", "less", "lightningcss", "sass", "sass-embedded", "stylus", "sugarss", "terser"], "bin": { "vite": "bin/vite.js" } }, "sha512-o5a9xKjbtuhY6Bi5S3+HvbRERmouabWbyUcpXXUA1u+GNUKoROi9byOJ8M0nHbHYHkYICiMlqxkg1KkYmm25Sw=="],
  }
}
